{
  "version": 4,
  "terraform_version": "1.6.3",
  "serial": 35,
  "lineage": "2b807ed9-4f94-866e-dee6-b0f80c025314",
  "outputs": {},
  "resources": [
    {
      "mode": "managed",
      "type": "yandex_container_registry",
      "name": "registry1",
      "provider": "provider[\"registry.terraform.io/yandex-cloud/yandex\"]",
      "instances": [
        {
          "schema_version": 0,
          "attributes": {
            "created_at": "2023-11-10T22:48:45Z",
            "folder_id": "b1g57ma8um70itupcj3v",
            "id": "crpo0af5ni5573mjgmku",
            "labels": {},
            "name": "registry1",
            "status": "active",
            "timeouts": null
          },
          "sensitive_attributes": [],
          "private": "eyJlMmJmYjczMC1lY2FhLTExZTYtOGY4OC0zNDM2M2JjN2M0YzAiOnsiY3JlYXRlIjo5MDAwMDAwMDAwMDAsImRlbGV0ZSI6OTAwMDAwMDAwMDAwLCJ1cGRhdGUiOjkwMDAwMDAwMDAwMH19"
        }
      ]
    }
  ],
  "check_results": null
}
